
Microsoft Visual Studio Solution File, Format Version 12.00
# Visual Studio 15
VisualStudioVersion = 15.0.28307.902
MinimumVisualStudioVersion = 10.0.40219.1
Project("{FAE04EC0-301F-11D3-BF4B-00C04F79EFBC}") = "Memento", "Memento\Memento.csproj", "{C0286CE1-9F7C-455E-B65D-4D5D49E122A8}"
EndProject
Global
	GlobalSection(SolutionConfigurationPlatforms) = preSolution
		Debug|Any CPU = Debug|Any CPU
		Release|Any CPU = Release|Any CPU
	EndGlobalSection
	GlobalSection(ProjectConfigurationPlatforms) = postSolution
		{C0286CE1-9F7C-455E-B65D-4D5D49E122A8}.Debug|Any CPU.ActiveCfg = Debug|Any CPU
		{C0286CE1-9F7C-455E-B65D-4D5D49E122A8}.Debug|Any CPU.Build.0 = Debug|Any CPU
		{C0286CE1-9F7C-455E-B65D-4D5D49E122A8}.Release|Any CPU.ActiveCfg = Release|Any CPU
		{C0286CE1-9F7C-455E-B65D-4D5D49E122A8}.Release|Any CPU.Build.0 = Release|Any CPU
	EndGlobalSection
	GlobalSection(SolutionProperties) = preSolution
		HideSolutionNode = FALSE
	EndGlobalSection
	GlobalSection(ExtensibilityGlobals) = postSolution
		SolutionGuid = {C6E8E8EE-2334-43BA-ACA7-B775225B604D}
	EndGlobalSection
EndGlobal
